
Microsoft Visual Studio Solution File, Format Version 12.00
# Visual Studio Version 16
VisualStudioVersion = 16.0.31515.178
MinimumVisualStudioVersion = 10.0.40219.1
Project("{8BC9CEB8-8B4A-11D0-8D11-00A0C91BC942}") = "Bngine", "Bngine\Bngine.vcxproj", "{11CFEF28-E4C1-4904-8D96-8607624F1970}"
EndProject
Project("{8BC9CEB8-8B4A-11D0-8D11-00A0C91BC942}") = "BngineTests", "BngineTests\BngineTests.vcxproj", "{9CC5FC89-9B98-4452-A32E-E037A27CF0F5}"
EndProject
Project("{8BC9CEB8-8B4A-11D0-8D11-00A0C91BC942}") = "BnginePerformance", "BnginePerformance\BnginePerformance.vcxproj", "{81D18B56-8944-42D2-A8FA-1B0BEC378D71}"
EndProject
Global
	GlobalSection(SolutionConfigurationPlatforms) = preSolution
		Debug|x64 = Debug|x64
		Debug|x86 = Debug|x86
		Release|x64 = Release|x64
		Release|x86 = Release|x86
	EndGlobalSection
	GlobalSection(ProjectConfigurationPlatforms) = postSolution
		{11CFEF28-E4C1-4904-8D96-8607624F1970}.Debug|x64.ActiveCfg = Debug|x64
		{11CFEF28-E4C1-4904-8D96-8607624F1970}.Debug|x64.Build.0 = Debug|x64
		{11CFEF28-E4C1-4904-8D96-8607624F1970}.Debug|x86.ActiveCfg = Debug|Win32
		{11CFEF28-E4C1-4904-8D96-8607624F1970}.Debug|x86.Build.0 = Debug|Win32
		{11CFEF28-E4C1-4904-8D96-8607624F1970}.Release|x64.ActiveCfg = Release|x64
		{11CFEF28-E4C1-4904-8D96-8607624F1970}.Release|x64.Build.0 = Release|x64
		{11CFEF28-E4C1-4904-8D96-8607624F1970}.Release|x86.ActiveCfg = Release|Win32
		{11CFEF28-E4C1-4904-8D96-8607624F1970}.Release|x86.Build.0 = Release|Win32
		{9CC5FC89-9B98-4452-A32E-E037A27CF0F5}.Debug|x64.ActiveCfg = Debug|x64
		{9CC5FC89-9B98-4452-A32E-E037A27CF0F5}.Debug|x64.Build.0 = Debug|x64
		{9CC5FC89-9B98-4452-A32E-E037A27CF0F5}.Debug|x86.ActiveCfg = Debug|Win32
		{9CC5FC89-9B98-4452-A32E-E037A27CF0F5}.Debug|x86.Build.0 = Debug|Win32
		{9CC5FC89-9B98-4452-A32E-E037A27CF0F5}.Release|x64.ActiveCfg = Release|x64
		{9CC5FC89-9B98-4452-A32E-E037A27CF0F5}.Release|x64.Build.0 = Release|x64
		{9CC5FC89-9B98-4452-A32E-E037A27CF0F5}.Release|x86.ActiveCfg = Release|Win32
		{9CC5FC89-9B98-4452-A32E-E037A27CF0F5}.Release|x86.Build.0 = Release|Win32
		{81D18B56-8944-42D2-A8FA-1B0BEC378D71}.Debug|x64.ActiveCfg = Debug|x64
		{81D18B56-8944-42D2-A8FA-1B0BEC378D71}.Debug|x64.Build.0 = Debug|x64
		{81D18B56-8944-42D2-A8FA-1B0BEC378D71}.Debug|x86.ActiveCfg = Debug|Win32
		{81D18B56-8944-42D2-A8FA-1B0BEC378D71}.Debug|x86.Build.0 = Debug|Win32
		{81D18B56-8944-42D2-A8FA-1B0BEC378D71}.Release|x64.ActiveCfg = Release|x64
		{81D18B56-8944-42D2-A8FA-1B0BEC378D71}.Release|x64.Build.0 = Release|x64
		{81D18B56-8944-42D2-A8FA-1B0BEC378D71}.Release|x86.ActiveCfg = Release|Win32
		{81D18B56-8944-42D2-A8FA-1B0BEC378D71}.Release|x86.Build.0 = Release|Win32
	EndGlobalSection
	GlobalSection(SolutionProperties) = preSolution
		HideSolutionNode = FALSE
	EndGlobalSection
	GlobalSection(ExtensibilityGlobals) = postSolution
		SolutionGuid = {FDE2CA1B-3141-4C7D-8551-E85A5E52FAF9}
	EndGlobalSection
EndGlobal
